
Microsoft Visual Studio Solution File, Format Version 12.00
# Visual Studio 15
VisualStudioVersion = 15.0.27703.2000
MinimumVisualStudioVersion = 10.0.40219.1
Project("{9A19103F-16F7-4668-BE54-9A1E7A4F7556}") = "Haka.CtznSearch.Front", "Haka.CtznSearch.Front\Haka.CtznSearch.Front.csproj", "{8F7F3363-006E-4292-90DE-D62EA8CD2521}"
EndProject
Project("{FAE04EC0-301F-11D3-BF4B-00C04F79EFBC}") = "BreakingStorm.Common", "..\BreakingStorm.Common\BreakingStorm.Common.csproj", "{B18A3F48-D734-4CB3-B708-9E0F79224413}"
EndProject
Global
	GlobalSection(SolutionConfigurationPlatforms) = preSolution
		Debug|Any CPU = Debug|Any CPU
		Release|Any CPU = Release|Any CPU
	EndGlobalSection
	GlobalSection(ProjectConfigurationPlatforms) = postSolution
		{8F7F3363-006E-4292-90DE-D62EA8CD2521}.Debug|Any CPU.ActiveCfg = Debug|Any CPU
		{8F7F3363-006E-4292-90DE-D62EA8CD2521}.Debug|Any CPU.Build.0 = Debug|Any CPU
		{8F7F3363-006E-4292-90DE-D62EA8CD2521}.Release|Any CPU.ActiveCfg = Release|Any CPU
		{8F7F3363-006E-4292-90DE-D62EA8CD2521}.Release|Any CPU.Build.0 = Release|Any CPU
		{B18A3F48-D734-4CB3-B708-9E0F79224413}.Debug|Any CPU.ActiveCfg = Debug|Any CPU
		{B18A3F48-D734-4CB3-B708-9E0F79224413}.Debug|Any CPU.Build.0 = Debug|Any CPU
		{B18A3F48-D734-4CB3-B708-9E0F79224413}.Release|Any CPU.ActiveCfg = Release|Any CPU
		{B18A3F48-D734-4CB3-B708-9E0F79224413}.Release|Any CPU.Build.0 = Release|Any CPU
	EndGlobalSection
	GlobalSection(SolutionProperties) = preSolution
		HideSolutionNode = FALSE
	EndGlobalSection
	GlobalSection(ExtensibilityGlobals) = postSolution
		SolutionGuid = {083896CB-0544-4D1A-B324-F438D25F6F06}
	EndGlobalSection
EndGlobal
